
Microsoft Visual Studio Solution File, Format Version 12.00
# Visual Studio Version 17
VisualStudioVersion = 17.1.32421.90
MinimumVisualStudioVersion = 10.0.40219.1
Project("{9A19103F-16F7-4668-BE54-9A1E7A4F7556}") = "Day1", "02UnderstandingTypes\Day1.csproj", "{0A922F43-26AD-4131-BC00-D679655F09A4}"
EndProject
Global
	GlobalSection(SolutionConfigurationPlatforms) = preSolution
		Debug|Any CPU = Debug|Any CPU
		Release|Any CPU = Release|Any CPU
	EndGlobalSection
	GlobalSection(ProjectConfigurationPlatforms) = postSolution
		{0A922F43-26AD-4131-BC00-D679655F09A4}.Debug|Any CPU.ActiveCfg = Debug|Any CPU
		{0A922F43-26AD-4131-BC00-D679655F09A4}.Debug|Any CPU.Build.0 = Debug|Any CPU
		{0A922F43-26AD-4131-BC00-D679655F09A4}.Release|Any CPU.ActiveCfg = Release|Any CPU
		{0A922F43-26AD-4131-BC00-D679655F09A4}.Release|Any CPU.Build.0 = Release|Any CPU
	EndGlobalSection
	GlobalSection(SolutionProperties) = preSolution
		HideSolutionNode = FALSE
	EndGlobalSection
	GlobalSection(ExtensibilityGlobals) = postSolution
		SolutionGuid = {858F3D55-E4A5-4BBF-A224-401FECE5A842}
	EndGlobalSection
EndGlobal
